// !$*UTF8*$!
{
	archiveVersion = 1;
	classes = {
	};
	objectVersion = 55;
	objects = {

/* Begin PBXBuildFile section */
		C85269272A96974400AED9B6 /* SwiftPracticeApp.swift in Sources */ = {isa = PBXBuildFile; fileRef = C85269262A96974400AED9B6 /* SwiftPracticeApp.swift */; };
		C85269292A96974400AED9B6 /* ContentView.swift in Sources */ = {isa = PBXBuildFile; fileRef = C85269282A96974400AED9B6 /* ContentView.swift */; };
		C852692B2A96974600AED9B6 /* Assets.xcassets in Resources */ = {isa = PBXBuildFile; fileRef = C852692A2A96974600AED9B6 /* Assets.xcassets */; };
		C852692E2A96974600AED9B6 /* Preview Assets.xcassets in Resources */ = {isa = PBXBuildFile; fileRef = C852692D2A96974600AED9B6 /* Preview Assets.xcassets */; };
		C85269382A96974600AED9B6 /* SwiftPracticeTests.swift in Sources */ = {isa = PBXBuildFile; fileRef = C85269372A96974600AED9B6 /* SwiftPracticeTests.swift */; };
		C85269422A96974600AED9B6 /* SwiftPracticeUITests.swift in Sources */ = {isa = PBXBuildFile; fileRef = C85269412A96974600AED9B6 /* SwiftPracticeUITests.swift */; };
		C85269442A96974600AED9B6 /* SwiftPracticeUITestsLaunchTests.swift in Sources */ = {isa = PBXBuildFile; fileRef = C85269432A96974600AED9B6 /* SwiftPracticeUITestsLaunchTests.swift */; };
/* End PBXBuildFile section */

/* Begin PBXContainerItemProxy section */
		C85269342A96974600AED9B6 /* PBXContainerItemProxy */ = {
			isa = PBXContainerItemProxy;
			containerPortal = C852691B2A96974400AED9B6 /* Project object */;
			proxyType = 1;
			remoteGlobalIDString = C85269222A96974400AED9B6;
			remoteInfo = SwiftPractice;
		};
		C852693E2A96974600AED9B6 /* PBXContainerItemProxy */ = {
			isa = PBXContainerItemProxy;
			containerPortal = C852691B2A96974400AED9B6 /* Project object */;
			proxyType = 1;
			remoteGlobalIDString = C85269222A96974400AED9B6;
			remoteInfo = SwiftPractice;
		};
/* End PBXContainerItemProxy section */

/* Begin PBXFileReference section */
		C85269232A96974400AED9B6 /* SwiftPractice.app */ = {isa = PBXFileReference; explicitFileType = wrapper.application; includeInIndex = 0; path = SwiftPractice.app; sourceTree = BUILT_PRODUCTS_DIR; };
		C85269262A96974400AED9B6 /* SwiftPracticeApp.swift */ = {isa = PBXFileReference; lastKnownFileType = sourcecode.swift; path = SwiftPracticeApp.swift; sourceTree = "<group>"; };
		C85269282A96974400AED9B6 /* ContentView.swift */ = {isa = PBXFileReference; lastKnownFileType = sourcecode.swift; path = ContentView.swift; sourceTree = "<group>"; };
		C852692A2A96974600AED9B6 /* Assets.xcassets */ = {isa = PBXFileReference; lastKnownFileType = folder.assetcatalog; path = Assets.xcassets; sourceTree = "<group>"; };
		C852692D2A96974600AED9B6 /* Preview Assets.xcassets */ = {isa = PBXFileReference; lastKnownFileType = folder.assetcatalog; path = "Preview Assets.xcassets"; sourceTree = "<group>"; };
		C85269332A96974600AED9B6 /* SwiftPracticeTests.xctest */ = {isa = PBXFileReference; explicitFileType = wrapper.cfbundle; includeInIndex = 0; path = SwiftPracticeTests.xctest; sourceTree = BUILT_PRODUCTS_DIR; };
		C85269372A96974600AED9B6 /* SwiftPracticeTests.swift */ = {isa = PBXFileReference; lastKnownFileType = sourcecode.swift; path = SwiftPracticeTests.swift; sourceTree = "<group>"; };
		C852693D2A96974600AED9B6 /* SwiftPracticeUITests.xctest */ = {isa = PBXFileReference; explicitFileType = wrapper.cfbundle; includeInIndex = 0; path = SwiftPracticeUITests.xctest; sourceTree = BUILT_PRODUCTS_DIR; };
		C85269412A96974600AED9B6 /* SwiftPracticeUITests.swift */ = {isa = PBXFileReference; lastKnownFileType = sourcecode.swift; path = SwiftPracticeUITests.swift; sourceTree = "<group>"; };
		C85269432A96974600AED9B6 /* SwiftPracticeUITestsLaunchTests.swift */ = {isa = PBXFileReference; lastKnownFileType = sourcecode.swift; path = SwiftPracticeUITestsLaunchTests.swift; sourceTree = "<group>"; };
/* End PBXFileReference section */

/* Begin PBXFrameworksBuildPhase section */
		C85269202A96974400AED9B6 /* Frameworks */ = {
			isa = PBXFrameworksBuildPhase;
			buildActionMask = 2147483647;
			files = (
			);
			runOnlyForDeploymentPostprocessing = 0;
		};
		C85269302A96974600AED9B6 /* Frameworks */ = {
			isa = PBXFrameworksBuildPhase;
			buildActionMask = 2147483647;
			files = (
			);
			runOnlyForDeploymentPostprocessing = 0;
		};
		C852693A2A96974600AED9B6 /* Frameworks */ = {
			isa = PBXFrameworksBuildPhase;
			buildActionMask = 2147483647;
			files = (
			);
			runOnlyForDeploymentPostprocessing = 0;
		};
/* End PBXFrameworksBuildPhase section */

/* Begin PBXGroup section */
		C852691A2A96974400AED9B6 = {
			isa = PBXGroup;
			children = (
				C85269252A96974400AED9B6 /* SwiftPractice */,
				C85269362A96974600AED9B6 /* SwiftPracticeTests */,
				C85269402A96974600AED9B6 /* SwiftPracticeUITests */,
				C85269242A96974400AED9B6 /* Products */,
			);
			sourceTree = "<group>";
		};
		C85269242A96974400AED9B6 /* Products */ = {
			isa = PBXGroup;
			children = (
				C85269232A96974400AED9B6 /* SwiftPractice.app */,
				C85269332A96974600AED9B6 /* SwiftPracticeTests.xctest */,
				C852693D2A96974600AED9B6 /* SwiftPracticeUITests.xctest */,
			);
			name = Products;
			sourceTree = "<group>";
		};
		C85269252A96974400AED9B6 /* SwiftPractice */ = {
			isa = PBXGroup;
			children = (
				C85269262A96974400AED9B6 /* SwiftPracticeApp.swift */,
				C85269282A96974400AED9B6 /* ContentView.swift */,
				C852692A2A96974600AED9B6 /* Assets.xcassets */,
				C852692C2A96974600AED9B6 /* Preview Content */,
			);
			path = SwiftPractice;
			sourceTree = "<group>";
		};
		C852692C2A96974600AED9B6 /* Preview Content */ = {
			isa = PBXGroup;
			children = (
				C852692D2A96974600AED9B6 /* Preview Assets.xcassets */,
			);
			path = "Preview Content";
			sourceTree = "<group>";
		};
		C85269362A96974600AED9B6 /* SwiftPracticeTests */ = {
			isa = PBXGroup;
			children = (
				C85269372A96974600AED9B6 /* SwiftPracticeTests.swift */,
			);
			path = SwiftPracticeTests;
			sourceTree = "<group>";
		};
		C85269402A96974600AED9B6 /* SwiftPracticeUITests */ = {
			isa = PBXGroup;
			children = (
				C85269412A96974600AED9B6 /* SwiftPracticeUITests.swift */,
				C85269432A96974600AED9B6 /* SwiftPracticeUITestsLaunchTests.swift */,
			);
			path = SwiftPracticeUITests;
			sourceTree = "<group>";
		};
/* End PBXGroup section */

/* Begin PBXNativeTarget section */
		C85269222A96974400AED9B6 /* SwiftPractice */ = {
			isa = PBXNativeTarget;
			buildConfigurationList = C85269472A96974600AED9B6 /* Build configuration list for PBXNativeTarget "SwiftPractice" */;
			buildPhases = (
				C852691F2A96974400AED9B6 /* Sources */,
				C85269202A96974400AED9B6 /* Frameworks */,
				C85269212A96974400AED9B6 /* Resources */,
			);
			buildRules = (
			);
			dependencies = (
			);
			name = SwiftPractice;
			productName = SwiftPractice;
			productReference = C85269232A96974400AED9B6 /* SwiftPractice.app */;
			productType = "com.apple.product-type.application";
		};
		C85269322A96974600AED9B6 /* SwiftPracticeTests */ = {
			isa = PBXNativeTarget;
			buildConfigurationList = C852694A2A96974600AED9B6 /* Build configuration list for PBXNativeTarget "SwiftPracticeTests" */;
			buildPhases = (
				C852692F2A96974600AED9B6 /* Sources */,
				C85269302A96974600AED9B6 /* Frameworks */,
				C85269312A96974600AED9B6 /* Resources */,
			);
			buildRules = (
			);
			dependencies = (
				C85269352A96974600AED9B6 /* PBXTargetDependency */,
			);
			name = SwiftPracticeTests;
			productName = SwiftPracticeTests;
			productReference = C85269332A96974600AED9B6 /* SwiftPracticeTests.xctest */;
			productType = "com.apple.product-type.bundle.unit-test";
		};
		C852693C2A96974600AED9B6 /* SwiftPracticeUITests */ = {
			isa = PBXNativeTarget;
			buildConfigurationList = C852694D2A96974600AED9B6 /* Build configuration list for PBXNativeTarget "SwiftPracticeUITests" */;
			buildPhases = (
				C85269392A96974600AED9B6 /* Sources */,
				C852693A2A96974600AED9B6 /* Frameworks */,
				C852693B2A96974600AED9B6 /* Resources */,
			);
			buildRules = (
			);
			dependencies = (
				C852693F2A96974600AED9B6 /* PBXTargetDependency */,
			);
			name = SwiftPracticeUITests;
			productName = SwiftPracticeUITests;
			productReference = C852693D2A96974600AED9B6 /* SwiftPracticeUITests.xctest */;
			productType = "com.apple.product-type.bundle.ui-testing";
		};
/* End PBXNativeTarget section */

/* Begin PBXProject section */
		C852691B2A96974400AED9B6 /* Project object */ = {
			isa = PBXProject;
			attributes = {
				BuildIndependentTargetsInParallel = 1;
				LastSwiftUpdateCheck = 1320;
				LastUpgradeCheck = 1320;
				TargetAttributes = {
					C85269222A96974400AED9B6 = {
						CreatedOnToolsVersion = 13.2.1;
					};
					C85269322A96974600AED9B6 = {
						CreatedOnToolsVersion = 13.2.1;
						TestTargetID = C85269222A96974400AED9B6;
					};
					C852693C2A96974600AED9B6 = {
						CreatedOnToolsVersion = 13.2.1;
						TestTargetID = C85269222A96974400AED9B6;
					};
				};
			};
			buildConfigurationList = C852691E2A96974400AED9B6 /* Build configuration list for PBXProject "SwiftPractice" */;
			compatibilityVersion = "Xcode 13.0";
			developmentRegion = en;
			hasScannedForEncodings = 0;
			knownRegions = (
				en,
				Base,
			);
			mainGroup = C852691A2A96974400AED9B6;
			productRefGroup = C85269242A96974400AED9B6 /* Products */;
			projectDirPath = "";
			projectRoot = "";
			targets = (
				C85269222A96974400AED9B6 /* SwiftPractice */,
				C85269322A96974600AED9B6 /* SwiftPracticeTests */,
				C852693C2A96974600AED9B6 /* SwiftPracticeUITests */,
			);
		};
/* End PBXProject section */

/* Begin PBXResourcesBuildPhase section */
		C85269212A96974400AED9B6 /* Resources */ = {
			isa = PBXResourcesBuildPhase;
			buildActionMask = 2147483647;
			files = (
				C852692E2A96974600AED9B6 /* Preview Assets.xcassets in Resources */,
				C852692B2A96974600AED9B6 /* Assets.xcassets in Resources */,
			);
			runOnlyForDeploymentPostprocessing = 0;
		};
		C85269312A96974600AED9B6 /* Resources */ = {
			isa = PBXResourcesBuildPhase;
			buildActionMask = 2147483647;
			files = (
			);
			runOnlyForDeploymentPostprocessing = 0;
		};
		C852693B2A96974600AED9B6 /* Resources */ = {
			isa = PBXResourcesBuildPhase;
			buildActionMask = 2147483647;
			files = (
			);
			runOnlyForDeploymentPostprocessing = 0;
		};
/* End PBXResourcesBuildPhase section */

/* Begin PBXSourcesBuildPhase section */
		C852691F2A96974400AED9B6 /* Sources */ = {
			isa = PBXSourcesBuildPhase;
			buildActionMask = 2147483647;
			files = (
				C85269292A96974400AED9B6 /* ContentView.swift in Sources */,
				C85269272A96974400AED9B6 /* SwiftPracticeApp.swift in Sources */,
			);
			runOnlyForDeploymentPostprocessing = 0;
		};
		C852692F2A96974600AED9B6 /* Sources */ = {
			isa = PBXSourcesBuildPhase;
			buildActionMask = 2147483647;
			files = (
				C85269382A96974600AED9B6 /* SwiftPracticeTests.swift in Sources */,
			);
			runOnlyForDeploymentPostprocessing = 0;
		};
		C85269392A96974600AED9B6 /* Sources */ = {
			isa = PBXSourcesBuildPhase;
			buildActionMask = 2147483647;
			files = (
				C85269422A96974600AED9B6 /* SwiftPracticeUITests.swift in Sources */,
				C85269442A96974600AED9B6 /* SwiftPracticeUITestsLaunchTests.swift in Sources */,
			);
			runOnlyForDeploymentPostprocessing = 0;
		};
/* End PBXSourcesBuildPhase section */

/* Begin PBXTargetDependency section */
		C85269352A96974600AED9B6 /* PBXTargetDependency */ = {
			isa = PBXTargetDependency;
			target = C85269222A96974400AED9B6 /* SwiftPractice */;
			targetProxy = C85269342A96974600AED9B6 /* PBXContainerItemProxy */;
		};
		C852693F2A96974600AED9B6 /* PBXTargetDependency */ = {
			isa = PBXTargetDependency;
			target = C85269222A96974400AED9B6 /* SwiftPractice */;
			targetProxy = C852693E2A96974600AED9B6 /* PBXContainerItemProxy */;
		};
/* End PBXTargetDependency section */

/* Begin XCBuildConfiguration section */
		C85269452A96974600AED9B6 /* Debug */ = {
			isa = XCBuildConfiguration;
			buildSettings = {
				ALWAYS_SEARCH_USER_PATHS = NO;
				CLANG_ANALYZER_NONNULL = YES;
				CLANG_ANALYZER_NUMBER_OBJECT_CONVERSION = YES_AGGRESSIVE;
				CLANG_CXX_LANGUAGE_STANDARD = "gnu++17";
				CLANG_CXX_LIBRARY = "libc++";
				CLANG_ENABLE_MODULES = YES;
				CLANG_ENABLE_OBJC_ARC = YES;
				CLANG_ENABLE_OBJC_WEAK = YES;
				CLANG_WARN_BLOCK_CAPTURE_AUTORELEASING = YES;
				CLANG_WARN_BOOL_CONVERSION = YES;
				CLANG_WARN_COMMA = YES;
				CLANG_WARN_CONSTANT_CONVERSION = YES;
				CLANG_WARN_DEPRECATED_OBJC_IMPLEMENTATIONS = YES;
				CLANG_WARN_DIRECT_OBJC_ISA_USAGE = YES_ERROR;
				CLANG_WARN_DOCUMENTATION_COMMENTS = YES;
				CLANG_WARN_EMPTY_BODY = YES;
				CLANG_WARN_ENUM_CONVERSION = YES;
				CLANG_WARN_INFINITE_RECURSION = YES;
				CLANG_WARN_INT_CONVERSION = YES;
				CLANG_WARN_NON_LITERAL_NULL_CONVERSION = YES;
				CLANG_WARN_OBJC_IMPLICIT_RETAIN_SELF = YES;
				CLANG_WARN_OBJC_LITERAL_CONVERSION = YES;
				CLANG_WARN_OBJC_ROOT_CLASS = YES_ERROR;
				CLANG_WARN_QUOTED_INCLUDE_IN_FRAMEWORK_HEADER = YES;
				CLANG_WARN_RANGE_LOOP_ANALYSIS = YES;
				CLANG_WARN_STRICT_PROTOTYPES = YES;
				CLANG_WARN_SUSPICIOUS_MOVE = YES;
				CLANG_WARN_UNGUARDED_AVAILABILITY = YES_AGGRESSIVE;
				CLANG_WARN_UNREACHABLE_CODE = YES;
				CLANG_WARN__DUPLICATE_METHOD_MATCH = YES;
				COPY_PHASE_STRIP = NO;
				DEBUG_INFORMATION_FORMAT = dwarf;
				ENABLE_STRICT_OBJC_MSGSEND = YES;
				ENABLE_TESTABILITY = YES;
				GCC_C_LANGUAGE_STANDARD = gnu11;
				GCC_DYNAMIC_NO_PIC = NO;
				GCC_NO_COMMON_BLOCKS = YES;
				GCC_OPTIMIZATION_LEVEL = 0;
				GCC_PREPROCESSOR_DEFINITIONS = (
					"DEBUG=1",
					"$(inherited)",
				);
				GCC_WARN_64_TO_32_BIT_CONVERSION = YES;
				GCC_WARN_ABOUT_RETURN_TYPE = YES_ERROR;
				GCC_WARN_UNDECLARED_SELECTOR = YES;
				GCC_WARN_UNINITIALIZED_AUTOS = YES_AGGRESSIVE;
				GCC_WARN_UNUSED_FUNCTION = YES;
				GCC_WARN_UNUSED_VARIABLE = YES;
				IPHONEOS_DEPLOYMENT_TARGET = 15.2;
				MTL_ENABLE_DEBUG_INFO = INCLUDE_SOURCE;
				MTL_FAST_MATH = YES;
				ONLY_ACTIVE_ARCH = YES;
				SDKROOT = iphoneos;
				SWIFT_ACTIVE_COMPILATION_CONDITIONS = DEBUG;
				SWIFT_OPTIMIZATION_LEVEL = "-Onone";
			};
			name = Debug;
		};
		C85269462A96974600AED9B6 /* Release */ = {
			isa = XCBuildConfiguration;
			buildSettings = {
				ALWAYS_SEARCH_USER_PATHS = NO;
				CLANG_ANALYZER_NONNULL = YES;
				CLANG_ANALYZER_NUMBER_OBJECT_CONVERSION = YES_AGGRESSIVE;
				CLANG_CXX_LANGUAGE_STANDARD = "gnu++17";
				CLANG_CXX_LIBRARY = "libc++";
				CLANG_ENABLE_MODULES = YES;
				CLANG_ENABLE_OBJC_ARC = YES;
				CLANG_ENABLE_OBJC_WEAK = YES;
				CLANG_WARN_BLOCK_CAPTURE_AUTORELEASING = YES;
				CLANG_WARN_BOOL_CONVERSION = YES;
				CLANG_WARN_COMMA = YES;
				CLANG_WARN_CONSTANT_CONVERSION = YES;
				CLANG_WARN_DEPRECATED_OBJC_IMPLEMENTATIONS = YES;
				CLANG_WARN_DIRECT_OBJC_ISA_USAGE = YES_ERROR;
				CLANG_WARN_DOCUMENTATION_COMMENTS = YES;
				CLANG_WARN_EMPTY_BODY = YES;
				CLANG_WARN_ENUM_CONVERSION = YES;
				CLANG_WARN_INFINITE_RECURSION = YES;
				CLANG_WARN_INT_CONVERSION = YES;
				CLANG_WARN_NON_LITERAL_NULL_CONVERSION = YES;
				CLANG_WARN_OBJC_IMPLICIT_RETAIN_SELF = YES;
				CLANG_WARN_OBJC_LITERAL_CONVERSION = YES;
				CLANG_WARN_OBJC_ROOT_CLASS = YES_ERROR;
				CLANG_WARN_QUOTED_INCLUDE_IN_FRAMEWORK_HEADER = YES;
				CLANG_WARN_RANGE_LOOP_ANALYSIS = YES;
				CLANG_WARN_STRICT_PROTOTYPES = YES;
				CLANG_WARN_SUSPICIOUS_MOVE = YES;
				CLANG_WARN_UNGUARDED_AVAILABILITY = YES_AGGRESSIVE;
				CLANG_WARN_UNREACHABLE_CODE = YES;
				CLANG_WARN__DUPLICATE_METHOD_MATCH = YES;
				COPY_PHASE_STRIP = NO;
				DEBUG_INFORMATION_FORMAT = "dwarf-with-dsym";
				ENABLE_NS_ASSERTIONS = NO;
				ENABLE_STRICT_OBJC_MSGSEND = YES;
				GCC_C_LANGUAGE_STANDARD = gnu11;
				GCC_NO_COMMON_BLOCKS = YES;
				GCC_WARN_64_TO_32_BIT_CONVERSION = YES;
				GCC_WARN_ABOUT_RETURN_TYPE = YES_ERROR;
				GCC_WARN_UNDECLARED_SELECTOR = YES;
				GCC_WARN_UNINITIALIZED_AUTOS = YES_AGGRESSIVE;
				GCC_WARN_UNUSED_FUNCTION = YES;
				GCC_WARN_UNUSED_VARIABLE = YES;
				IPHONEOS_DEPLOYMENT_TARGET = 15.2;
				MTL_ENABLE_DEBUG_INFO = NO;
				MTL_FAST_MATH = YES;
				SDKROOT = iphoneos;
				SWIFT_COMPILATION_MODE = wholemodule;
				SWIFT_OPTIMIZATION_LEVEL = "-O";
				VALIDATE_PRODUCT = YES;
			};
			name = Release;
		};
		C85269482A96974600AED9B6 /* Debug */ = {
			isa = XCBuildConfiguration;
			buildSettings = {
				ASSETCATALOG_COMPILER_APPICON_NAME = AppIcon;
				ASSETCATALOG_COMPILER_GLOBAL_ACCENT_COLOR_NAME = AccentColor;
				CODE_SIGN_STYLE = Automatic;
				CURRENT_PROJECT_VERSION = 1;
				DEVELOPMENT_ASSET_PATHS = "\"SwiftPractice/Preview Content\"";
				DEVELOPMENT_TEAM = MC984JW8UR;
				ENABLE_PREVIEWS = YES;
				GENERATE_INFOPLIST_FILE = YES;
				INFOPLIST_KEY_UIApplicationSceneManifest_Generation = YES;
				INFOPLIST_KEY_UIApplicationSupportsIndirectInputEvents = YES;
				INFOPLIST_KEY_UILaunchScreen_Generation = YES;
				INFOPLIST_KEY_UISupportedInterfaceOrientations_iPad = "UIInterfaceOrientationPortrait UIInterfaceOrientationPortraitUpsideDown UIInterfaceOrientationLandscapeLeft UIInterfaceOrientationLandscapeRight";
				INFOPLIST_KEY_UISupportedInterfaceOrientations_iPhone = "UIInterfaceOrientationPortrait UIInterfaceOrientationLandscapeLeft UIInterfaceOrientationLandscapeRight";
				LD_RUNPATH_SEARCH_PATHS = (
					"$(inherited)",
					"@executable_path/Frameworks",
				);
				MARKETING_VERSION = 1.0;
				PRODUCT_BUNDLE_IDENTIFIER = com.vamsi99.SwiftPractice;
				PRODUCT_NAME = "$(TARGET_NAME)";
				SWIFT_EMIT_LOC_STRINGS = YES;
				SWIFT_VERSION = 5.0;
				TARGETED_DEVICE_FAMILY = "1,2";
			};
			name = Debug;
		};
		C85269492A96974600AED9B6 /* Release */ = {
			isa = XCBuildConfiguration;
			buildSettings = {
				ASSETCATALOG_COMPILER_APPICON_NAME = AppIcon;
				ASSETCATALOG_COMPILER_GLOBAL_ACCENT_COLOR_NAME = AccentColor;
				CODE_SIGN_STYLE = Automatic;
				CURRENT_PROJECT_VERSION = 1;
				DEVELOPMENT_ASSET_PATHS = "\"SwiftPractice/Preview Content\"";
				DEVELOPMENT_TEAM = MC984JW8UR;
				ENABLE_PREVIEWS = YES;
				GENERATE_INFOPLIST_FILE = YES;
				INFOPLIST_KEY_UIApplicationSceneManifest_Generation = YES;
				INFOPLIST_KEY_UIApplicationSupportsIndirectInputEvents = YES;
				INFOPLIST_KEY_UILaunchScreen_Generation = YES;
				INFOPLIST_KEY_UISupportedInterfaceOrientations_iPad = "UIInterfaceOrientationPortrait UIInterfaceOrientationPortraitUpsideDown UIInterfaceOrientationLandscapeLeft UIInterfaceOrientationLandscapeRight";
				INFOPLIST_KEY_UISupportedInterfaceOrientations_iPhone = "UIInterfaceOrientationPortrait UIInterfaceOrientationLandscapeLeft UIInterfaceOrientationLandscapeRight";
				LD_RUNPATH_SEARCH_PATHS = (
					"$(inherited)",
					"@executable_path/Frameworks",
				);
				MARKETING_VERSION = 1.0;
				PRODUCT_BUNDLE_IDENTIFIER = com.vamsi99.SwiftPractice;
				PRODUCT_NAME = "$(TARGET_NAME)";
				SWIFT_EMIT_LOC_STRINGS = YES;
				SWIFT_VERSION = 5.0;
				TARGETED_DEVICE_FAMILY = "1,2";
			};
			name = Release;
		};
		C852694B2A96974600AED9B6 /* Debug */ = {
			isa = XCBuildConfiguration;
			buildSettings = {
				ALWAYS_EMBED_SWIFT_STANDARD_LIBRARIES = YES;
				BUNDLE_LOADER = "$(TEST_HOST)";
				CODE_SIGN_STYLE = Automatic;
				CURRENT_PROJECT_VERSION = 1;
				DEVELOPMENT_TEAM = MC984JW8UR;
				GENERATE_INFOPLIST_FILE = YES;
				IPHONEOS_DEPLOYMENT_TARGET = 15.2;
				MARKETING_VERSION = 1.0;
				PRODUCT_BUNDLE_IDENTIFIER = com.vamsi99.SwiftPracticeTests;
				PRODUCT_NAME = "$(TARGET_NAME)";
				SWIFT_EMIT_LOC_STRINGS = NO;
				SWIFT_VERSION = 5.0;
				TARGETED_DEVICE_FAMILY = "1,2";
				TEST_HOST = "$(BUILT_PRODUCTS_DIR)/SwiftPractice.app/SwiftPractice";
			};
			name = Debug;
		};
		C852694C2A96974600AED9B6 /* Release */ = {
			isa = XCBuildConfiguration;
			buildSettings = {
				ALWAYS_EMBED_SWIFT_STANDARD_LIBRARIES = YES;
				BUNDLE_LOADER = "$(TEST_HOST)";
				CODE_SIGN_STYLE = Automatic;
				CURRENT_PROJECT_VERSION = 1;
				DEVELOPMENT_TEAM = MC984JW8UR;
				GENERATE_INFOPLIST_FILE = YES;
				IPHONEOS_DEPLOYMENT_TARGET = 15.2;
				MARKETING_VERSION = 1.0;
				PRODUCT_BUNDLE_IDENTIFIER = com.vamsi99.SwiftPracticeTests;
				PRODUCT_NAME = "$(TARGET_NAME)";
				SWIFT_EMIT_LOC_STRINGS = NO;
				SWIFT_VERSION = 5.0;
				TARGETED_DEVICE_FAMILY = "1,2";
				TEST_HOST = "$(BUILT_PRODUCTS_DIR)/SwiftPractice.app/SwiftPractice";
			};
			name = Release;
		};
		C852694E2A96974600AED9B6 /* Debug */ = {
			isa = XCBuildConfiguration;
			buildSettings = {
				ALWAYS_EMBED_SWIFT_STANDARD_LIBRARIES = YES;
				CODE_SIGN_STYLE = Automatic;
				CURRENT_PROJECT_VERSION = 1;
				DEVELOPMENT_TEAM = MC984JW8UR;
				GENERATE_INFOPLIST_FILE = YES;
				MARKETING_VERSION = 1.0;
				PRODUCT_BUNDLE_IDENTIFIER = com.vamsi99.SwiftPracticeUITests;
				PRODUCT_NAME = "$(TARGET_NAME)";
				SWIFT_EMIT_LOC_STRINGS = NO;
				SWIFT_VERSION = 5.0;
				TARGETED_DEVICE_FAMILY = "1,2";
				TEST_TARGET_NAME = SwiftPractice;
			};
			name = Debug;
		};
		C852694F2A96974600AED9B6 /* Release */ = {
			isa = XCBuildConfiguration;
			buildSettings = {
				ALWAYS_EMBED_SWIFT_STANDARD_LIBRARIES = YES;
				CODE_SIGN_STYLE = Automatic;
				CURRENT_PROJECT_VERSION = 1;
				DEVELOPMENT_TEAM = MC984JW8UR;
				GENERATE_INFOPLIST_FILE = YES;
				MARKETING_VERSION = 1.0;
				PRODUCT_BUNDLE_IDENTIFIER = com.vamsi99.SwiftPracticeUITests;
				PRODUCT_NAME = "$(TARGET_NAME)";
				SWIFT_EMIT_LOC_STRINGS = NO;
				SWIFT_VERSION = 5.0;
				TARGETED_DEVICE_FAMILY = "1,2";
				TEST_TARGET_NAME = SwiftPractice;
			};
			name = Release;
		};
/* End XCBuildConfiguration section */

/* Begin XCConfigurationList section */
		C852691E2A96974400AED9B6 /* Build configuration list for PBXProject "SwiftPractice" */ = {
			isa = XCConfigurationList;
			buildConfigurations = (
				C85269452A96974600AED9B6 /* Debug */,
				C85269462A96974600AED9B6 /* Release */,
			);
			defaultConfigurationIsVisible = 0;
			defaultConfigurationName = Release;
		};
		C85269472A96974600AED9B6 /* Build configuration list for PBXNativeTarget "SwiftPractice" */ = {
			isa = XCConfigurationList;
			buildConfigurations = (
				C85269482A96974600AED9B6 /* Debug */,
				C85269492A96974600AED9B6 /* Release */,
			);
			defaultConfigurationIsVisible = 0;
			defaultConfigurationName = Release;
		};
		C852694A2A96974600AED9B6 /* Build configuration list for PBXNativeTarget "SwiftPracticeTests" */ = {
			isa = XCConfigurationList;
			buildConfigurations = (
				C852694B2A96974600AED9B6 /* Debug */,
				C852694C2A96974600AED9B6 /* Release */,
			);
			defaultConfigurationIsVisible = 0;
			defaultConfigurationName = Release;
		};
		C852694D2A96974600AED9B6 /* Build configuration list for PBXNativeTarget "SwiftPracticeUITests" */ = {
			isa = XCConfigurationList;
			buildConfigurations = (
				C852694E2A96974600AED9B6 /* Debug */,
				C852694F2A96974600AED9B6 /* Release */,
			);
			defaultConfigurationIsVisible = 0;
			defaultConfigurationName = Release;
		};
/* End XCConfigurationList section */
	};
	rootObject = C852691B2A96974400AED9B6 /* Project object */;
}
